// !$*UTF8*$!
{
	archiveVersion = 1;
	classes = {
	};
	objectVersion = 55;
	objects = {

/* Begin PBXBuildFile section */
		8A05EE322A002B0A00134E22 /* GridViewController.swift in Sources */ = {isa = PBXBuildFile; fileRef = 8A05EE312A002B0A00134E22 /* GridViewController.swift */; };
		8A05EE362A002B7900134E22 /* Grid.swift in Sources */ = {isa = PBXBuildFile; fileRef = 8A05EE352A002B7900134E22 /* Grid.swift */; };
		8A05EE382A002C1C00134E22 /* GridCell.swift in Sources */ = {isa = PBXBuildFile; fileRef = 8A05EE372A002C1C00134E22 /* GridCell.swift */; };
		8A05EE3A2A00BB5A00134E22 /* NSCollectionLayoutSection.swift in Sources */ = {isa = PBXBuildFile; fileRef = 8A05EE392A00BB5A00134E22 /* NSCollectionLayoutSection.swift */; };
		8A091CB929F56BDA001EAE4F /* AppDelegate.swift in Sources */ = {isa = PBXBuildFile; fileRef = 8A091CB829F56BDA001EAE4F /* AppDelegate.swift */; };
		8A091CBB29F56BDA001EAE4F /* SceneDelegate.swift in Sources */ = {isa = PBXBuildFile; fileRef = 8A091CBA29F56BDA001EAE4F /* SceneDelegate.swift */; };
		8A091CC229F56BDB001EAE4F /* Assets.xcassets in Resources */ = {isa = PBXBuildFile; fileRef = 8A091CC129F56BDB001EAE4F /* Assets.xcassets */; };
		8A091CC529F56BDB001EAE4F /* LaunchScreen.storyboard in Resources */ = {isa = PBXBuildFile; fileRef = 8A091CC329F56BDB001EAE4F /* LaunchScreen.storyboard */; };
		8A091CCD29F57076001EAE4F /* MenuViewController.swift in Sources */ = {isa = PBXBuildFile; fileRef = 8A091CCC29F57076001EAE4F /* MenuViewController.swift */; };
		8A10D9822A2226790029BE92 /* SupplementaryViewController.swift in Sources */ = {isa = PBXBuildFile; fileRef = 8A10D9812A2226790029BE92 /* SupplementaryViewController.swift */; };
		8A10D9852A2233DE0029BE92 /* CountryModel.swift in Sources */ = {isa = PBXBuildFile; fileRef = 8A10D9842A2233DE0029BE92 /* CountryModel.swift */; };
		8A13F16929F81ABB00CAB09F /* ListModel.swift in Sources */ = {isa = PBXBuildFile; fileRef = 8A13F16829F81ABB00CAB09F /* ListModel.swift */; };
		8A189A1F2A1DCE2F005E6E88 /* Supplementary.swift in Sources */ = {isa = PBXBuildFile; fileRef = 8A189A1E2A1DCE2F005E6E88 /* Supplementary.swift */; };
		8A20D0842A2A7A3000D9D698 /* StackWaterfallBuilder.swift in Sources */ = {isa = PBXBuildFile; fileRef = 8A20D0832A2A7A3000D9D698 /* StackWaterfallBuilder.swift */; };
		8A20D0862A2C6D0200D9D698 /* WaterfallModel.swift in Sources */ = {isa = PBXBuildFile; fileRef = 8A20D0852A2C6D0200D9D698 /* WaterfallModel.swift */; };
		8A47565929FCE2A000F4E44D /* UIView.swift in Sources */ = {isa = PBXBuildFile; fileRef = 8A47565829FCE2A000F4E44D /* UIView.swift */; };
		8A522EF72A3DA5F800633432 /* HeaderView.swift in Sources */ = {isa = PBXBuildFile; fileRef = 8A522EF62A3DA5F800633432 /* HeaderView.swift */; };
		8A522EF92A3E47BE00633432 /* PersonCell.swift in Sources */ = {isa = PBXBuildFile; fileRef = 8A522EF82A3E47BE00633432 /* PersonCell.swift */; };
		8A5C71A62A2E41C0001C1C56 /* NestedViewController.swift in Sources */ = {isa = PBXBuildFile; fileRef = 8A5C71A52A2E41C0001C1C56 /* NestedViewController.swift */; };
		8A5C71A82A2E422C001C1C56 /* NestedGroup.swift in Sources */ = {isa = PBXBuildFile; fileRef = 8A5C71A72A2E422C001C1C56 /* NestedGroup.swift */; };
		8A716E212A4C71F6000C405A /* PersonDatasource.swift in Sources */ = {isa = PBXBuildFile; fileRef = 8A716E202A4C71F6000C405A /* PersonDatasource.swift */; };
		8A716E232A4C739E000C405A /* BasicListViewModel.swift in Sources */ = {isa = PBXBuildFile; fileRef = 8A716E222A4C739E000C405A /* BasicListViewModel.swift */; };
		8A716E252A4CC4FE000C405A /* UICollectionView.swift in Sources */ = {isa = PBXBuildFile; fileRef = 8A716E242A4CC4FE000C405A /* UICollectionView.swift */; };
		8A716E272A4CCE47000C405A /* UIStackView.swift in Sources */ = {isa = PBXBuildFile; fileRef = 8A716E262A4CCE47000C405A /* UIStackView.swift */; };
		8A77CE902A40EFE3008A38E5 /* TaskCell.swift in Sources */ = {isa = PBXBuildFile; fileRef = 8A77CE8F2A40EFE3008A38E5 /* TaskCell.swift */; };
		8A77CE922A40F43F008A38E5 /* FacePile.swift in Sources */ = {isa = PBXBuildFile; fileRef = 8A77CE912A40F43F008A38E5 /* FacePile.swift */; };
		8A7A12A32A46F9DB000E9791 /* CAGradientLayer.swift in Sources */ = {isa = PBXBuildFile; fileRef = 8A7A12A22A46F9DB000E9791 /* CAGradientLayer.swift */; };
		8A7A12AF2A4834D4000E9791 /* PagerFooterView.swift in Sources */ = {isa = PBXBuildFile; fileRef = 8A7A12AE2A4834D4000E9791 /* PagerFooterView.swift */; };
		8A8716E42A36038700B97B68 /* NestedGroupType.swift in Sources */ = {isa = PBXBuildFile; fileRef = 8A8716E32A36038700B97B68 /* NestedGroupType.swift */; };
		8A8716E62A3603CC00B97B68 /* WaterfallType.swift in Sources */ = {isa = PBXBuildFile; fileRef = 8A8716E52A3603CC00B97B68 /* WaterfallType.swift */; };
		8A97E02D2A4858C100CAA422 /* TabHeaderView.swift in Sources */ = {isa = PBXBuildFile; fileRef = 8A97E02C2A4858C100CAA422 /* TabHeaderView.swift */; };
		8A97E02F2A4858DF00CAA422 /* Page.swift in Sources */ = {isa = PBXBuildFile; fileRef = 8A97E02E2A4858DF00CAA422 /* Page.swift */; };
		8A97E0312A485A2600CAA422 /* TabMenu.swift in Sources */ = {isa = PBXBuildFile; fileRef = 8A97E0302A485A2600CAA422 /* TabMenu.swift */; };
		8A97E0332A48612000CAA422 /* MenuCell.swift in Sources */ = {isa = PBXBuildFile; fileRef = 8A97E0322A48612000CAA422 /* MenuCell.swift */; };
		8AA67A732A27CE020052D3CA /* HorizontalWaterfallBuilder.swift in Sources */ = {isa = PBXBuildFile; fileRef = 8AA67A722A27CE020052D3CA /* HorizontalWaterfallBuilder.swift */; };
		8AB76B502A3CFE4700C2E9D1 /* MultiSection.swift in Sources */ = {isa = PBXBuildFile; fileRef = 8AB76B4F2A3CFE4700C2E9D1 /* MultiSection.swift */; };
		8AB76B522A3D002B00C2E9D1 /* Section.swift in Sources */ = {isa = PBXBuildFile; fileRef = 8AB76B512A3D002B00C2E9D1 /* Section.swift */; };
		8AB76B542A3D03CA00C2E9D1 /* MultiSectionViewController.swift in Sources */ = {isa = PBXBuildFile; fileRef = 8AB76B532A3D03CA00C2E9D1 /* MultiSectionViewController.swift */; };
		8AC8DB3D2A4AEAAC00047586 /* TaskActivityCell.swift in Sources */ = {isa = PBXBuildFile; fileRef = 8AC8DB3C2A4AEAAC00047586 /* TaskActivityCell.swift */; };
		8AC8DB3F2A4B165200047586 /* GrandTaskCell.swift in Sources */ = {isa = PBXBuildFile; fileRef = 8AC8DB3E2A4B165200047586 /* GrandTaskCell.swift */; };
		8AD131A72A44DC8000333160 /* BadgeView.swift in Sources */ = {isa = PBXBuildFile; fileRef = 8AD131A62A44DC8000333160 /* BadgeView.swift */; };
		8AD131A92A44E82300333160 /* Task.swift in Sources */ = {isa = PBXBuildFile; fileRef = 8AD131A82A44E82300333160 /* Task.swift */; };
		8AD131AB2A44E85500333160 /* TaskStatistics.swift in Sources */ = {isa = PBXBuildFile; fileRef = 8AD131AA2A44E85500333160 /* TaskStatistics.swift */; };
		8AD131AD2A44E91100333160 /* TaskStatisticsCell.swift in Sources */ = {isa = PBXBuildFile; fileRef = 8AD131AC2A44E91100333160 /* TaskStatisticsCell.swift */; };
		8AD131AF2A44E97D00333160 /* CustomProgressView.swift in Sources */ = {isa = PBXBuildFile; fileRef = 8AD131AE2A44E97D00333160 /* CustomProgressView.swift */; };
		8AD8ACEE29FE1A1100170258 /* BasicListViewController.swift in Sources */ = {isa = PBXBuildFile; fileRef = 8AD8ACED29FE1A1100170258 /* BasicListViewController.swift */; };
		8AD8ACF029FE1E6300170258 /* BasicList.swift in Sources */ = {isa = PBXBuildFile; fileRef = 8AD8ACEF29FE1E6300170258 /* BasicList.swift */; };
		8AD8ACF229FE567F00170258 /* Person.swift in Sources */ = {isa = PBXBuildFile; fileRef = 8AD8ACF129FE567F00170258 /* Person.swift */; };
		8AEAAB0129FA83F200ED6B14 /* MultiSectionExpandableList.swift in Sources */ = {isa = PBXBuildFile; fileRef = 8AEAAB0029FA83F200ED6B14 /* MultiSectionExpandableList.swift */; };
		E26359E82A3484520049E877 /* NestedCell.swift in Sources */ = {isa = PBXBuildFile; fileRef = E26359E72A3484520049E877 /* NestedCell.swift */; };
		E2A102AB2A1BCEF2002041F6 /* WaterfallViewController.swift in Sources */ = {isa = PBXBuildFile; fileRef = E2A102AA2A1BCEF2002041F6 /* WaterfallViewController.swift */; };
		E2A102AF2A1BCF56002041F6 /* Waterfall.swift in Sources */ = {isa = PBXBuildFile; fileRef = E2A102AE2A1BCF56002041F6 /* Waterfall.swift */; };
		E2A102B32A1BD18D002041F6 /* WaterfallCell.swift in Sources */ = {isa = PBXBuildFile; fileRef = E2A102B22A1BD18D002041F6 /* WaterfallCell.swift */; };
		E2A102B72A1BDACF002041F6 /* WaterfallConfiguration.swift in Sources */ = {isa = PBXBuildFile; fileRef = E2A102B62A1BDACF002041F6 /* WaterfallConfiguration.swift */; };
		E2A102B92A1BDAF5002041F6 /* VerticalWaterfallBuilder.swift in Sources */ = {isa = PBXBuildFile; fileRef = E2A102B82A1BDAF5002041F6 /* VerticalWaterfallBuilder.swift */; };
/* End PBXBuildFile section */

/* Begin PBXFileReference section */
		8A05EE312A002B0A00134E22 /* GridViewController.swift */ = {isa = PBXFileReference; lastKnownFileType = sourcecode.swift; path = GridViewController.swift; sourceTree = "<group>"; };
		8A05EE352A002B7900134E22 /* Grid.swift */ = {isa = PBXFileReference; lastKnownFileType = sourcecode.swift; path = Grid.swift; sourceTree = "<group>"; };
		8A05EE372A002C1C00134E22 /* GridCell.swift */ = {isa = PBXFileReference; lastKnownFileType = sourcecode.swift; path = GridCell.swift; sourceTree = "<group>"; };
		8A05EE392A00BB5A00134E22 /* NSCollectionLayoutSection.swift */ = {isa = PBXFileReference; lastKnownFileType = sourcecode.swift; path = NSCollectionLayoutSection.swift; sourceTree = "<group>"; };
		8A091CB529F56BDA001EAE4F /* AdvancedCompositionalLayout.app */ = {isa = PBXFileReference; explicitFileType = wrapper.application; includeInIndex = 0; path = AdvancedCompositionalLayout.app; sourceTree = BUILT_PRODUCTS_DIR; };
		8A091CB829F56BDA001EAE4F /* AppDelegate.swift */ = {isa = PBXFileReference; lastKnownFileType = sourcecode.swift; path = AppDelegate.swift; sourceTree = "<group>"; };
		8A091CBA29F56BDA001EAE4F /* SceneDelegate.swift */ = {isa = PBXFileReference; lastKnownFileType = sourcecode.swift; path = SceneDelegate.swift; sourceTree = "<group>"; };
		8A091CC129F56BDB001EAE4F /* Assets.xcassets */ = {isa = PBXFileReference; lastKnownFileType = folder.assetcatalog; path = Assets.xcassets; sourceTree = "<group>"; };
		8A091CC429F56BDB001EAE4F /* Base */ = {isa = PBXFileReference; lastKnownFileType = file.storyboard; name = Base; path = Base.lproj/LaunchScreen.storyboard; sourceTree = "<group>"; };
		8A091CC629F56BDB001EAE4F /* Info.plist */ = {isa = PBXFileReference; lastKnownFileType = text.plist.xml; path = Info.plist; sourceTree = "<group>"; };
		8A091CCC29F57076001EAE4F /* MenuViewController.swift */ = {isa = PBXFileReference; lastKnownFileType = sourcecode.swift; path = MenuViewController.swift; sourceTree = "<group>"; };
		8A10D9812A2226790029BE92 /* SupplementaryViewController.swift */ = {isa = PBXFileReference; lastKnownFileType = sourcecode.swift; path = SupplementaryViewController.swift; sourceTree = "<group>"; };
		8A10D9842A2233DE0029BE92 /* CountryModel.swift */ = {isa = PBXFileReference; lastKnownFileType = sourcecode.swift; path = CountryModel.swift; sourceTree = "<group>"; };
		8A13F16829F81ABB00CAB09F /* ListModel.swift */ = {isa = PBXFileReference; lastKnownFileType = sourcecode.swift; path = ListModel.swift; sourceTree = "<group>"; };
		8A189A1E2A1DCE2F005E6E88 /* Supplementary.swift */ = {isa = PBXFileReference; lastKnownFileType = sourcecode.swift; path = Supplementary.swift; sourceTree = "<group>"; };
		8A20D0832A2A7A3000D9D698 /* StackWaterfallBuilder.swift */ = {isa = PBXFileReference; lastKnownFileType = sourcecode.swift; path = StackWaterfallBuilder.swift; sourceTree = "<group>"; };
		8A20D0852A2C6D0200D9D698 /* WaterfallModel.swift */ = {isa = PBXFileReference; lastKnownFileType = sourcecode.swift; path = WaterfallModel.swift; sourceTree = "<group>"; };
		8A47565829FCE2A000F4E44D /* UIView.swift */ = {isa = PBXFileReference; lastKnownFileType = sourcecode.swift; path = UIView.swift; sourceTree = "<group>"; };
		8A522EF62A3DA5F800633432 /* HeaderView.swift */ = {isa = PBXFileReference; lastKnownFileType = sourcecode.swift; path = HeaderView.swift; sourceTree = "<group>"; };
		8A522EF82A3E47BE00633432 /* PersonCell.swift */ = {isa = PBXFileReference; lastKnownFileType = sourcecode.swift; path = PersonCell.swift; sourceTree = "<group>"; };
		8A5C71A52A2E41C0001C1C56 /* NestedViewController.swift */ = {isa = PBXFileReference; lastKnownFileType = sourcecode.swift; path = NestedViewController.swift; sourceTree = "<group>"; };
		8A5C71A72A2E422C001C1C56 /* NestedGroup.swift */ = {isa = PBXFileReference; lastKnownFileType = sourcecode.swift; path = NestedGroup.swift; sourceTree = "<group>"; };
		8A716E202A4C71F6000C405A /* PersonDatasource.swift */ = {isa = PBXFileReference; lastKnownFileType = sourcecode.swift; path = PersonDatasource.swift; sourceTree = "<group>"; };
		8A716E222A4C739E000C405A /* BasicListViewModel.swift */ = {isa = PBXFileReference; lastKnownFileType = sourcecode.swift; path = BasicListViewModel.swift; sourceTree = "<group>"; };
		8A716E242A4CC4FE000C405A /* UICollectionView.swift */ = {isa = PBXFileReference; lastKnownFileType = sourcecode.swift; path = UICollectionView.swift; sourceTree = "<group>"; };
		8A716E262A4CCE47000C405A /* UIStackView.swift */ = {isa = PBXFileReference; lastKnownFileType = sourcecode.swift; path = UIStackView.swift; sourceTree = "<group>"; };
		8A77CE8F2A40EFE3008A38E5 /* TaskCell.swift */ = {isa = PBXFileReference; lastKnownFileType = sourcecode.swift; path = TaskCell.swift; sourceTree = "<group>"; };
		8A77CE912A40F43F008A38E5 /* FacePile.swift */ = {isa = PBXFileReference; lastKnownFileType = sourcecode.swift; path = FacePile.swift; sourceTree = "<group>"; };
		8A7A12A22A46F9DB000E9791 /* CAGradientLayer.swift */ = {isa = PBXFileReference; lastKnownFileType = sourcecode.swift; path = CAGradientLayer.swift; sourceTree = "<group>"; };
		8A7A12AE2A4834D4000E9791 /* PagerFooterView.swift */ = {isa = PBXFileReference; lastKnownFileType = sourcecode.swift; path = PagerFooterView.swift; sourceTree = "<group>"; };
		8A8716E32A36038700B97B68 /* NestedGroupType.swift */ = {isa = PBXFileReference; lastKnownFileType = sourcecode.swift; path = NestedGroupType.swift; sourceTree = "<group>"; };
		8A8716E52A3603CC00B97B68 /* WaterfallType.swift */ = {isa = PBXFileReference; lastKnownFileType = sourcecode.swift; path = WaterfallType.swift; sourceTree = "<group>"; };
		8A97E02C2A4858C100CAA422 /* TabHeaderView.swift */ = {isa = PBXFileReference; lastKnownFileType = sourcecode.swift; path = TabHeaderView.swift; sourceTree = "<group>"; };
		8A97E02E2A4858DF00CAA422 /* Page.swift */ = {isa = PBXFileReference; lastKnownFileType = sourcecode.swift; path = Page.swift; sourceTree = "<group>"; };
		8A97E0302A485A2600CAA422 /* TabMenu.swift */ = {isa = PBXFileReference; lastKnownFileType = sourcecode.swift; path = TabMenu.swift; sourceTree = "<group>"; };
		8A97E0322A48612000CAA422 /* MenuCell.swift */ = {isa = PBXFileReference; lastKnownFileType = sourcecode.swift; path = MenuCell.swift; sourceTree = "<group>"; };
		8AA67A722A27CE020052D3CA /* HorizontalWaterfallBuilder.swift */ = {isa = PBXFileReference; lastKnownFileType = sourcecode.swift; path = HorizontalWaterfallBuilder.swift; sourceTree = "<group>"; };
		8AB76B4F2A3CFE4700C2E9D1 /* MultiSection.swift */ = {isa = PBXFileReference; lastKnownFileType = sourcecode.swift; path = MultiSection.swift; sourceTree = "<group>"; };
		8AB76B512A3D002B00C2E9D1 /* Section.swift */ = {isa = PBXFileReference; lastKnownFileType = sourcecode.swift; path = Section.swift; sourceTree = "<group>"; };
		8AB76B532A3D03CA00C2E9D1 /* MultiSectionViewController.swift */ = {isa = PBXFileReference; lastKnownFileType = sourcecode.swift; path = MultiSectionViewController.swift; sourceTree = "<group>"; };
		8ABC74532A376F4D002C2CC2 /* TodoList.md */ = {isa = PBXFileReference; lastKnownFileType = net.daringfireball.markdown; path = TodoList.md; sourceTree = "<group>"; };
		8AC8DB3C2A4AEAAC00047586 /* TaskActivityCell.swift */ = {isa = PBXFileReference; lastKnownFileType = sourcecode.swift; path = TaskActivityCell.swift; sourceTree = "<group>"; };
		8AC8DB3E2A4B165200047586 /* GrandTaskCell.swift */ = {isa = PBXFileReference; lastKnownFileType = sourcecode.swift; path = GrandTaskCell.swift; sourceTree = "<group>"; };
		8AD131A62A44DC8000333160 /* BadgeView.swift */ = {isa = PBXFileReference; lastKnownFileType = sourcecode.swift; path = BadgeView.swift; sourceTree = "<group>"; };
		8AD131A82A44E82300333160 /* Task.swift */ = {isa = PBXFileReference; lastKnownFileType = sourcecode.swift; path = Task.swift; sourceTree = "<group>"; };
		8AD131AA2A44E85500333160 /* TaskStatistics.swift */ = {isa = PBXFileReference; lastKnownFileType = sourcecode.swift; path = TaskStatistics.swift; sourceTree = "<group>"; };
		8AD131AC2A44E91100333160 /* TaskStatisticsCell.swift */ = {isa = PBXFileReference; lastKnownFileType = sourcecode.swift; path = TaskStatisticsCell.swift; sourceTree = "<group>"; };
		8AD131AE2A44E97D00333160 /* CustomProgressView.swift */ = {isa = PBXFileReference; lastKnownFileType = sourcecode.swift; path = CustomProgressView.swift; sourceTree = "<group>"; };
		8AD8ACED29FE1A1100170258 /* BasicListViewController.swift */ = {isa = PBXFileReference; lastKnownFileType = sourcecode.swift; path = BasicListViewController.swift; sourceTree = "<group>"; };
		8AD8ACEF29FE1E6300170258 /* BasicList.swift */ = {isa = PBXFileReference; lastKnownFileType = sourcecode.swift; path = BasicList.swift; sourceTree = "<group>"; };
		8AD8ACF129FE567F00170258 /* Person.swift */ = {isa = PBXFileReference; lastKnownFileType = sourcecode.swift; path = Person.swift; sourceTree = "<group>"; };
		8AEAAB0029FA83F200ED6B14 /* MultiSectionExpandableList.swift */ = {isa = PBXFileReference; lastKnownFileType = sourcecode.swift; path = MultiSectionExpandableList.swift; sourceTree = "<group>"; };
		E26359E72A3484520049E877 /* NestedCell.swift */ = {isa = PBXFileReference; lastKnownFileType = sourcecode.swift; path = NestedCell.swift; sourceTree = "<group>"; };
		E2A102AA2A1BCEF2002041F6 /* WaterfallViewController.swift */ = {isa = PBXFileReference; lastKnownFileType = sourcecode.swift; path = WaterfallViewController.swift; sourceTree = "<group>"; };
		E2A102AE2A1BCF56002041F6 /* Waterfall.swift */ = {isa = PBXFileReference; lastKnownFileType = sourcecode.swift; path = Waterfall.swift; sourceTree = "<group>"; };
		E2A102B22A1BD18D002041F6 /* WaterfallCell.swift */ = {isa = PBXFileReference; lastKnownFileType = sourcecode.swift; path = WaterfallCell.swift; sourceTree = "<group>"; };
		E2A102B62A1BDACF002041F6 /* WaterfallConfiguration.swift */ = {isa = PBXFileReference; lastKnownFileType = sourcecode.swift; path = WaterfallConfiguration.swift; sourceTree = "<group>"; };
		E2A102B82A1BDAF5002041F6 /* VerticalWaterfallBuilder.swift */ = {isa = PBXFileReference; lastKnownFileType = sourcecode.swift; path = VerticalWaterfallBuilder.swift; sourceTree = "<group>"; };
/* End PBXFileReference section */

/* Begin PBXFrameworksBuildPhase section */
		8A091CB229F56BDA001EAE4F /* Frameworks */ = {
			isa = PBXFrameworksBuildPhase;
			buildActionMask = 2147483647;
			files = (
			);
			runOnlyForDeploymentPostprocessing = 0;
		};
/* End PBXFrameworksBuildPhase section */

/* Begin PBXGroup section */
		8A05EE332A002B3900134E22 /* List */ = {
			isa = PBXGroup;
			children = (
				8AD8ACED29FE1A1100170258 /* BasicListViewController.swift */,
				8A716E222A4C739E000C405A /* BasicListViewModel.swift */,
				8AD8ACEF29FE1E6300170258 /* BasicList.swift */,
				8AEAAB0029FA83F200ED6B14 /* MultiSectionExpandableList.swift */,
				8A10D9832A2229200029BE92 /* Supplementary */,
			);
			path = List;
			sourceTree = "<group>";
		};
		8A05EE342A002B5900134E22 /* Grid */ = {
			isa = PBXGroup;
			children = (
				8A05EE312A002B0A00134E22 /* GridViewController.swift */,
				8A05EE352A002B7900134E22 /* Grid.swift */,
				8A05EE372A002C1C00134E22 /* GridCell.swift */,
			);
			path = Grid;
			sourceTree = "<group>";
		};
		8A091CAC29F56BDA001EAE4F = {
			isa = PBXGroup;
			children = (
				8A091CB729F56BDA001EAE4F /* AdvancedCompositionalLayout */,
				8A091CB629F56BDA001EAE4F /* Products */,
			);
			sourceTree = "<group>";
		};
		8A091CB629F56BDA001EAE4F /* Products */ = {
			isa = PBXGroup;
			children = (
				8A091CB529F56BDA001EAE4F /* AdvancedCompositionalLayout.app */,
			);
			name = Products;
			sourceTree = "<group>";
		};
		8A091CB729F56BDA001EAE4F /* AdvancedCompositionalLayout */ = {
			isa = PBXGroup;
			children = (
				8A091CB829F56BDA001EAE4F /* AppDelegate.swift */,
				8A091CBA29F56BDA001EAE4F /* SceneDelegate.swift */,
				8A091CCC29F57076001EAE4F /* MenuViewController.swift */,
				8AC8DB382A4AE7EE00047586 /* MultiSection */,
				8A05EE342A002B5900134E22 /* Grid */,
				8A5C71A92A2E4271001C1C56 /* NestedGroup */,
				E2A102A92A1BCED8002041F6 /* Waterfall */,
				8A05EE332A002B3900134E22 /* List */,
				8A13F16729F81A8400CAB09F /* Model */,
				8A47565729FCE29300F4E44D /* Extensions */,
				8AC8DB3B2A4AE8CC00047586 /* Utility */,
				8A091CC129F56BDB001EAE4F /* Assets.xcassets */,
				8A091CC329F56BDB001EAE4F /* LaunchScreen.storyboard */,
				8A091CC629F56BDB001EAE4F /* Info.plist */,
				8ABC74532A376F4D002C2CC2 /* TodoList.md */,
			);
			path = AdvancedCompositionalLayout;
			sourceTree = "<group>";
		};
		8A10D9832A2229200029BE92 /* Supplementary */ = {
			isa = PBXGroup;
			children = (
				8A10D9812A2226790029BE92 /* SupplementaryViewController.swift */,
				8A189A1E2A1DCE2F005E6E88 /* Supplementary.swift */,
			);
			path = Supplementary;
			sourceTree = "<group>";
		};
		8A13F16729F81A8400CAB09F /* Model */ = {
			isa = PBXGroup;
			children = (
				8A13F16829F81ABB00CAB09F /* ListModel.swift */,
				8A8716E32A36038700B97B68 /* NestedGroupType.swift */,
				8AD8ACF129FE567F00170258 /* Person.swift */,
				8A10D9842A2233DE0029BE92 /* CountryModel.swift */,
				8A20D0852A2C6D0200D9D698 /* WaterfallModel.swift */,
				8A8716E52A3603CC00B97B68 /* WaterfallType.swift */,
				8AD131A82A44E82300333160 /* Task.swift */,
				8AD131AA2A44E85500333160 /* TaskStatistics.swift */,
				8A97E02E2A4858DF00CAA422 /* Page.swift */,
				8A716E202A4C71F6000C405A /* PersonDatasource.swift */,
			);
			path = Model;
			sourceTree = "<group>";
		};
		8A47565729FCE29300F4E44D /* Extensions */ = {
			isa = PBXGroup;
			children = (
				8A47565829FCE2A000F4E44D /* UIView.swift */,
				8A05EE392A00BB5A00134E22 /* NSCollectionLayoutSection.swift */,
				8A7A12A22A46F9DB000E9791 /* CAGradientLayer.swift */,
				8A716E242A4CC4FE000C405A /* UICollectionView.swift */,
				8A716E262A4CCE47000C405A /* UIStackView.swift */,
			);
			path = Extensions;
			sourceTree = "<group>";
		};
		8A5C71A92A2E4271001C1C56 /* NestedGroup */ = {
			isa = PBXGroup;
			children = (
				8A5C71A52A2E41C0001C1C56 /* NestedViewController.swift */,
				8A5C71A72A2E422C001C1C56 /* NestedGroup.swift */,
				E26359E72A3484520049E877 /* NestedCell.swift */,
			);
			path = NestedGroup;
			sourceTree = "<group>";
		};
		8AC8DB372A4AE7A100047586 /* SupplementaryViews */ = {
			isa = PBXGroup;
			children = (
				8A522EF62A3DA5F800633432 /* HeaderView.swift */,
				8AD131A62A44DC8000333160 /* BadgeView.swift */,
				8A7A12AE2A4834D4000E9791 /* PagerFooterView.swift */,
				8A97E02C2A4858C100CAA422 /* TabHeaderView.swift */,
			);
			path = SupplementaryViews;
			sourceTree = "<group>";
		};
		8AC8DB382A4AE7EE00047586 /* MultiSection */ = {
			isa = PBXGroup;
			children = (
				8AB76B512A3D002B00C2E9D1 /* Section.swift */,
				8AB76B4F2A3CFE4700C2E9D1 /* MultiSection.swift */,
				8AB76B532A3D03CA00C2E9D1 /* MultiSectionViewController.swift */,
				8AC8DB3A2A4AE87C00047586 /* TabMenu */,
				8AC8DB392A4AE83300047586 /* Cell */,
				8AC8DB372A4AE7A100047586 /* SupplementaryViews */,
			);
			path = MultiSection;
			sourceTree = "<group>";
		};
		8AC8DB392A4AE83300047586 /* Cell */ = {
			isa = PBXGroup;
			children = (
				8A522EF82A3E47BE00633432 /* PersonCell.swift */,
				8A77CE8F2A40EFE3008A38E5 /* TaskCell.swift */,
				8AD131AC2A44E91100333160 /* TaskStatisticsCell.swift */,
				8AC8DB3C2A4AEAAC00047586 /* TaskActivityCell.swift */,
				8AC8DB3E2A4B165200047586 /* GrandTaskCell.swift */,
			);
			path = Cell;
			sourceTree = "<group>";
		};
		8AC8DB3A2A4AE87C00047586 /* TabMenu */ = {
			isa = PBXGroup;
			children = (
				8A97E0302A485A2600CAA422 /* TabMenu.swift */,
				8A97E0322A48612000CAA422 /* MenuCell.swift */,
			);
			path = TabMenu;
			sourceTree = "<group>";
		};
		8AC8DB3B2A4AE8CC00047586 /* Utility */ = {
			isa = PBXGroup;
			children = (
				8AD131AE2A44E97D00333160 /* CustomProgressView.swift */,
				8A77CE912A40F43F008A38E5 /* FacePile.swift */,
			);
			path = Utility;
			sourceTree = "<group>";
		};
		E2A102A92A1BCED8002041F6 /* Waterfall */ = {
			isa = PBXGroup;
			children = (
				E2A102AA2A1BCEF2002041F6 /* WaterfallViewController.swift */,
				E2A102AE2A1BCF56002041F6 /* Waterfall.swift */,
				E2A102B22A1BD18D002041F6 /* WaterfallCell.swift */,
				E2A102B62A1BDACF002041F6 /* WaterfallConfiguration.swift */,
				E2A102B82A1BDAF5002041F6 /* VerticalWaterfallBuilder.swift */,
				8AA67A722A27CE020052D3CA /* HorizontalWaterfallBuilder.swift */,
				8A20D0832A2A7A3000D9D698 /* StackWaterfallBuilder.swift */,
			);
			path = Waterfall;
			sourceTree = "<group>";
		};
/* End PBXGroup section */

/* Begin PBXNativeTarget section */
		8A091CB429F56BDA001EAE4F /* AdvancedCompositionalLayout */ = {
			isa = PBXNativeTarget;
			buildConfigurationList = 8A091CC929F56BDB001EAE4F /* Build configuration list for PBXNativeTarget "AdvancedCompositionalLayout" */;
			buildPhases = (
				8A091CB129F56BDA001EAE4F /* Sources */,
				8A091CB229F56BDA001EAE4F /* Frameworks */,
				8A091CB329F56BDA001EAE4F /* Resources */,
			);
			buildRules = (
			);
			dependencies = (
			);
			name = AdvancedCompositionalLayout;
			productName = AdvancedCompositionalLayout;
			productReference = 8A091CB529F56BDA001EAE4F /* AdvancedCompositionalLayout.app */;
			productType = "com.apple.product-type.application";
		};
/* End PBXNativeTarget section */

/* Begin PBXProject section */
		8A091CAD29F56BDA001EAE4F /* Project object */ = {
			isa = PBXProject;
			attributes = {
				BuildIndependentTargetsInParallel = 1;
				LastSwiftUpdateCheck = 1410;
				LastUpgradeCheck = 1410;
				TargetAttributes = {
					8A091CB429F56BDA001EAE4F = {
						CreatedOnToolsVersion = 14.1;
					};
				};
			};
			buildConfigurationList = 8A091CB029F56BDA001EAE4F /* Build configuration list for PBXProject "AdvancedCompositionalLayout" */;
			compatibilityVersion = "Xcode 13.0";
			developmentRegion = en;
			hasScannedForEncodings = 0;
			knownRegions = (
				en,
				Base,
			);
			mainGroup = 8A091CAC29F56BDA001EAE4F;
			productRefGroup = 8A091CB629F56BDA001EAE4F /* Products */;
			projectDirPath = "";
			projectRoot = "";
			targets = (
				8A091CB429F56BDA001EAE4F /* AdvancedCompositionalLayout */,
			);
		};
/* End PBXProject section */

/* Begin PBXResourcesBuildPhase section */
		8A091CB329F56BDA001EAE4F /* Resources */ = {
			isa = PBXResourcesBuildPhase;
			buildActionMask = 2147483647;
			files = (
				8A091CC529F56BDB001EAE4F /* LaunchScreen.storyboard in Resources */,
				8A091CC229F56BDB001EAE4F /* Assets.xcassets in Resources */,
			);
			runOnlyForDeploymentPostprocessing = 0;
		};
/* End PBXResourcesBuildPhase section */

/* Begin PBXSourcesBuildPhase section */
		8A091CB129F56BDA001EAE4F /* Sources */ = {
			isa = PBXSourcesBuildPhase;
			buildActionMask = 2147483647;
			files = (
				8AD131A72A44DC8000333160 /* BadgeView.swift in Sources */,
				8A97E02D2A4858C100CAA422 /* TabHeaderView.swift in Sources */,
				8A716E232A4C739E000C405A /* BasicListViewModel.swift in Sources */,
				8A20D0842A2A7A3000D9D698 /* StackWaterfallBuilder.swift in Sources */,
				E2A102B32A1BD18D002041F6 /* WaterfallCell.swift in Sources */,
				8A7A12AF2A4834D4000E9791 /* PagerFooterView.swift in Sources */,
				8A716E252A4CC4FE000C405A /* UICollectionView.swift in Sources */,
				8A77CE922A40F43F008A38E5 /* FacePile.swift in Sources */,
				8AD131AD2A44E91100333160 /* TaskStatisticsCell.swift in Sources */,
				8AD8ACEE29FE1A1100170258 /* BasicListViewController.swift in Sources */,
				8AD131AB2A44E85500333160 /* TaskStatistics.swift in Sources */,
				8A10D9822A2226790029BE92 /* SupplementaryViewController.swift in Sources */,
				E2A102B72A1BDACF002041F6 /* WaterfallConfiguration.swift in Sources */,
				E2A102AB2A1BCEF2002041F6 /* WaterfallViewController.swift in Sources */,
				8AD131AF2A44E97D00333160 /* CustomProgressView.swift in Sources */,
				8AD8ACF029FE1E6300170258 /* BasicList.swift in Sources */,
				8AC8DB3F2A4B165200047586 /* GrandTaskCell.swift in Sources */,
				8A97E0312A485A2600CAA422 /* TabMenu.swift in Sources */,
				8A97E02F2A4858DF00CAA422 /* Page.swift in Sources */,
				8A716E212A4C71F6000C405A /* PersonDatasource.swift in Sources */,
				8A522EF72A3DA5F800633432 /* HeaderView.swift in Sources */,
				8AC8DB3D2A4AEAAC00047586 /* TaskActivityCell.swift in Sources */,
				E2A102AF2A1BCF56002041F6 /* Waterfall.swift in Sources */,
				E2A102B92A1BDAF5002041F6 /* VerticalWaterfallBuilder.swift in Sources */,
				8AB76B522A3D002B00C2E9D1 /* Section.swift in Sources */,
				8A091CCD29F57076001EAE4F /* MenuViewController.swift in Sources */,
				8A8716E42A36038700B97B68 /* NestedGroupType.swift in Sources */,
				8A97E0332A48612000CAA422 /* MenuCell.swift in Sources */,
				8A20D0862A2C6D0200D9D698 /* WaterfallModel.swift in Sources */,
				8AEAAB0129FA83F200ED6B14 /* MultiSectionExpandableList.swift in Sources */,
				8A05EE362A002B7900134E22 /* Grid.swift in Sources */,
				8A091CB929F56BDA001EAE4F /* AppDelegate.swift in Sources */,
				8A8716E62A3603CC00B97B68 /* WaterfallType.swift in Sources */,
				8A091CBB29F56BDA001EAE4F /* SceneDelegate.swift in Sources */,
				8A05EE322A002B0A00134E22 /* GridViewController.swift in Sources */,
				8A10D9852A2233DE0029BE92 /* CountryModel.swift in Sources */,
				8AB76B542A3D03CA00C2E9D1 /* MultiSectionViewController.swift in Sources */,
				8AD8ACF229FE567F00170258 /* Person.swift in Sources */,
				8AA67A732A27CE020052D3CA /* HorizontalWaterfallBuilder.swift in Sources */,
				E26359E82A3484520049E877 /* NestedCell.swift in Sources */,
				8A05EE3A2A00BB5A00134E22 /* NSCollectionLayoutSection.swift in Sources */,
				8A7A12A32A46F9DB000E9791 /* CAGradientLayer.swift in Sources */,
				8AB76B502A3CFE4700C2E9D1 /* MultiSection.swift in Sources */,
				8A189A1F2A1DCE2F005E6E88 /* Supplementary.swift in Sources */,
				8A47565929FCE2A000F4E44D /* UIView.swift in Sources */,
				8A77CE902A40EFE3008A38E5 /* TaskCell.swift in Sources */,
				8A5C71A62A2E41C0001C1C56 /* NestedViewController.swift in Sources */,
				8AD131A92A44E82300333160 /* Task.swift in Sources */,
				8A13F16929F81ABB00CAB09F /* ListModel.swift in Sources */,
				8A5C71A82A2E422C001C1C56 /* NestedGroup.swift in Sources */,
				8A522EF92A3E47BE00633432 /* PersonCell.swift in Sources */,
				8A05EE382A002C1C00134E22 /* GridCell.swift in Sources */,
				8A716E272A4CCE47000C405A /* UIStackView.swift in Sources */,
			);
			runOnlyForDeploymentPostprocessing = 0;
		};
/* End PBXSourcesBuildPhase section */

/* Begin PBXVariantGroup section */
		8A091CC329F56BDB001EAE4F /* LaunchScreen.storyboard */ = {
			isa = PBXVariantGroup;
			children = (
				8A091CC429F56BDB001EAE4F /* Base */,
			);
			name = LaunchScreen.storyboard;
			sourceTree = "<group>";
		};
/* End PBXVariantGroup section */

/* Begin XCBuildConfiguration section */
		8A091CC729F56BDB001EAE4F /* Debug */ = {
			isa = XCBuildConfiguration;
			buildSettings = {
				ALWAYS_SEARCH_USER_PATHS = NO;
				CLANG_ANALYZER_NONNULL = YES;
				CLANG_ANALYZER_NUMBER_OBJECT_CONVERSION = YES_AGGRESSIVE;
				CLANG_CXX_LANGUAGE_STANDARD = "gnu++20";
				CLANG_ENABLE_MODULES = YES;
				CLANG_ENABLE_OBJC_ARC = YES;
				CLANG_ENABLE_OBJC_WEAK = YES;
				CLANG_WARN_BLOCK_CAPTURE_AUTORELEASING = YES;
				CLANG_WARN_BOOL_CONVERSION = YES;
				CLANG_WARN_COMMA = YES;
				CLANG_WARN_CONSTANT_CONVERSION = YES;
				CLANG_WARN_DEPRECATED_OBJC_IMPLEMENTATIONS = YES;
				CLANG_WARN_DIRECT_OBJC_ISA_USAGE = YES_ERROR;
				CLANG_WARN_DOCUMENTATION_COMMENTS = YES;
				CLANG_WARN_EMPTY_BODY = YES;
				CLANG_WARN_ENUM_CONVERSION = YES;
				CLANG_WARN_INFINITE_RECURSION = YES;
				CLANG_WARN_INT_CONVERSION = YES;
				CLANG_WARN_NON_LITERAL_NULL_CONVERSION = YES;
				CLANG_WARN_OBJC_IMPLICIT_RETAIN_SELF = YES;
				CLANG_WARN_OBJC_LITERAL_CONVERSION = YES;
				CLANG_WARN_OBJC_ROOT_CLASS = YES_ERROR;
				CLANG_WARN_QUOTED_INCLUDE_IN_FRAMEWORK_HEADER = YES;
				CLANG_WARN_RANGE_LOOP_ANALYSIS = YES;
				CLANG_WARN_STRICT_PROTOTYPES = YES;
				CLANG_WARN_SUSPICIOUS_MOVE = YES;
				CLANG_WARN_UNGUARDED_AVAILABILITY = YES_AGGRESSIVE;
				CLANG_WARN_UNREACHABLE_CODE = YES;
				CLANG_WARN__DUPLICATE_METHOD_MATCH = YES;
				COPY_PHASE_STRIP = NO;
				DEBUG_INFORMATION_FORMAT = dwarf;
				ENABLE_STRICT_OBJC_MSGSEND = YES;
				ENABLE_TESTABILITY = YES;
				GCC_C_LANGUAGE_STANDARD = gnu11;
				GCC_DYNAMIC_NO_PIC = NO;
				GCC_NO_COMMON_BLOCKS = YES;
				GCC_OPTIMIZATION_LEVEL = 0;
				GCC_PREPROCESSOR_DEFINITIONS = (
					"DEBUG=1",
					"$(inherited)",
				);
				GCC_WARN_64_TO_32_BIT_CONVERSION = YES;
				GCC_WARN_ABOUT_RETURN_TYPE = YES_ERROR;
				GCC_WARN_UNDECLARED_SELECTOR = YES;
				GCC_WARN_UNINITIALIZED_AUTOS = YES_AGGRESSIVE;
				GCC_WARN_UNUSED_FUNCTION = YES;
				GCC_WARN_UNUSED_VARIABLE = YES;
				IPHONEOS_DEPLOYMENT_TARGET = 15.0;
				MTL_ENABLE_DEBUG_INFO = INCLUDE_SOURCE;
				MTL_FAST_MATH = YES;
				ONLY_ACTIVE_ARCH = YES;
				SDKROOT = iphoneos;
				SWIFT_ACTIVE_COMPILATION_CONDITIONS = DEBUG;
				SWIFT_OPTIMIZATION_LEVEL = "-Onone";
			};
			name = Debug;
		};
		8A091CC829F56BDB001EAE4F /* Release */ = {
			isa = XCBuildConfiguration;
			buildSettings = {
				ALWAYS_SEARCH_USER_PATHS = NO;
				CLANG_ANALYZER_NONNULL = YES;
				CLANG_ANALYZER_NUMBER_OBJECT_CONVERSION = YES_AGGRESSIVE;
				CLANG_CXX_LANGUAGE_STANDARD = "gnu++20";
				CLANG_ENABLE_MODULES = YES;
				CLANG_ENABLE_OBJC_ARC = YES;
				CLANG_ENABLE_OBJC_WEAK = YES;
				CLANG_WARN_BLOCK_CAPTURE_AUTORELEASING = YES;
				CLANG_WARN_BOOL_CONVERSION = YES;
				CLANG_WARN_COMMA = YES;
				CLANG_WARN_CONSTANT_CONVERSION = YES;
				CLANG_WARN_DEPRECATED_OBJC_IMPLEMENTATIONS = YES;
				CLANG_WARN_DIRECT_OBJC_ISA_USAGE = YES_ERROR;
				CLANG_WARN_DOCUMENTATION_COMMENTS = YES;
				CLANG_WARN_EMPTY_BODY = YES;
				CLANG_WARN_ENUM_CONVERSION = YES;
				CLANG_WARN_INFINITE_RECURSION = YES;
				CLANG_WARN_INT_CONVERSION = YES;
				CLANG_WARN_NON_LITERAL_NULL_CONVERSION = YES;
				CLANG_WARN_OBJC_IMPLICIT_RETAIN_SELF = YES;
				CLANG_WARN_OBJC_LITERAL_CONVERSION = YES;
				CLANG_WARN_OBJC_ROOT_CLASS = YES_ERROR;
				CLANG_WARN_QUOTED_INCLUDE_IN_FRAMEWORK_HEADER = YES;
				CLANG_WARN_RANGE_LOOP_ANALYSIS = YES;
				CLANG_WARN_STRICT_PROTOTYPES = YES;
				CLANG_WARN_SUSPICIOUS_MOVE = YES;
				CLANG_WARN_UNGUARDED_AVAILABILITY = YES_AGGRESSIVE;
				CLANG_WARN_UNREACHABLE_CODE = YES;
				CLANG_WARN__DUPLICATE_METHOD_MATCH = YES;
				COPY_PHASE_STRIP = NO;
				DEBUG_INFORMATION_FORMAT = "dwarf-with-dsym";
				ENABLE_NS_ASSERTIONS = NO;
				ENABLE_STRICT_OBJC_MSGSEND = YES;
				GCC_C_LANGUAGE_STANDARD = gnu11;
				GCC_NO_COMMON_BLOCKS = YES;
				GCC_WARN_64_TO_32_BIT_CONVERSION = YES;
				GCC_WARN_ABOUT_RETURN_TYPE = YES_ERROR;
				GCC_WARN_UNDECLARED_SELECTOR = YES;
				GCC_WARN_UNINITIALIZED_AUTOS = YES_AGGRESSIVE;
				GCC_WARN_UNUSED_FUNCTION = YES;
				GCC_WARN_UNUSED_VARIABLE = YES;
				IPHONEOS_DEPLOYMENT_TARGET = 15.0;
				MTL_ENABLE_DEBUG_INFO = NO;
				MTL_FAST_MATH = YES;
				SDKROOT = iphoneos;
				SWIFT_COMPILATION_MODE = wholemodule;
				SWIFT_OPTIMIZATION_LEVEL = "-O";
				VALIDATE_PRODUCT = YES;
			};
			name = Release;
		};
		8A091CCA29F56BDB001EAE4F /* Debug */ = {
			isa = XCBuildConfiguration;
			buildSettings = {
				ASSETCATALOG_COMPILER_APPICON_NAME = AppIcon;
				ASSETCATALOG_COMPILER_GLOBAL_ACCENT_COLOR_NAME = AccentColor;
				CODE_SIGN_STYLE = Automatic;
				CURRENT_PROJECT_VERSION = 1;
				DEVELOPMENT_TEAM = 3F53E5RFPT;
				GENERATE_INFOPLIST_FILE = YES;
				INFOPLIST_FILE = AdvancedCompositionalLayout/Info.plist;
				INFOPLIST_KEY_UIApplicationSupportsIndirectInputEvents = YES;
				INFOPLIST_KEY_UILaunchStoryboardName = LaunchScreen;
				INFOPLIST_KEY_UIMainStoryboardFile = "";
				INFOPLIST_KEY_UISupportedInterfaceOrientations_iPad = "UIInterfaceOrientationPortrait UIInterfaceOrientationPortraitUpsideDown UIInterfaceOrientationLandscapeLeft UIInterfaceOrientationLandscapeRight";
				INFOPLIST_KEY_UISupportedInterfaceOrientations_iPhone = "UIInterfaceOrientationPortrait UIInterfaceOrientationLandscapeLeft UIInterfaceOrientationLandscapeRight";
				LD_RUNPATH_SEARCH_PATHS = (
					"$(inherited)",
					"@executable_path/Frameworks",
				);
				MARKETING_VERSION = 1.0;
				PRODUCT_BUNDLE_IDENTIFIER = com.tarikbozyak.AdvancedCompositionalLayout;
				PRODUCT_NAME = "$(TARGET_NAME)";
				SWIFT_EMIT_LOC_STRINGS = YES;
				SWIFT_VERSION = 5.0;
				TARGETED_DEVICE_FAMILY = "1,2";
			};
			name = Debug;
		};
		8A091CCB29F56BDB001EAE4F /* Release */ = {
			isa = XCBuildConfiguration;
			buildSettings = {
				ASSETCATALOG_COMPILER_APPICON_NAME = AppIcon;
				ASSETCATALOG_COMPILER_GLOBAL_ACCENT_COLOR_NAME = AccentColor;
				CODE_SIGN_STYLE = Automatic;
				CURRENT_PROJECT_VERSION = 1;
				DEVELOPMENT_TEAM = 3F53E5RFPT;
				GENERATE_INFOPLIST_FILE = YES;
				INFOPLIST_FILE = AdvancedCompositionalLayout/Info.plist;
				INFOPLIST_KEY_UIApplicationSupportsIndirectInputEvents = YES;
				INFOPLIST_KEY_UILaunchStoryboardName = LaunchScreen;
				INFOPLIST_KEY_UIMainStoryboardFile = "";
				INFOPLIST_KEY_UISupportedInterfaceOrientations_iPad = "UIInterfaceOrientationPortrait UIInterfaceOrientationPortraitUpsideDown UIInterfaceOrientationLandscapeLeft UIInterfaceOrientationLandscapeRight";
				INFOPLIST_KEY_UISupportedInterfaceOrientations_iPhone = "UIInterfaceOrientationPortrait UIInterfaceOrientationLandscapeLeft UIInterfaceOrientationLandscapeRight";
				LD_RUNPATH_SEARCH_PATHS = (
					"$(inherited)",
					"@executable_path/Frameworks",
				);
				MARKETING_VERSION = 1.0;
				PRODUCT_BUNDLE_IDENTIFIER = com.tarikbozyak.AdvancedCompositionalLayout;
				PRODUCT_NAME = "$(TARGET_NAME)";
				SWIFT_EMIT_LOC_STRINGS = YES;
				SWIFT_VERSION = 5.0;
				TARGETED_DEVICE_FAMILY = "1,2";
			};
			name = Release;
		};
/* End XCBuildConfiguration section */

/* Begin XCConfigurationList section */
		8A091CB029F56BDA001EAE4F /* Build configuration list for PBXProject "AdvancedCompositionalLayout" */ = {
			isa = XCConfigurationList;
			buildConfigurations = (
				8A091CC729F56BDB001EAE4F /* Debug */,
				8A091CC829F56BDB001EAE4F /* Release */,
			);
			defaultConfigurationIsVisible = 0;
			defaultConfigurationName = Release;
		};
		8A091CC929F56BDB001EAE4F /* Build configuration list for PBXNativeTarget "AdvancedCompositionalLayout" */ = {
			isa = XCConfigurationList;
			buildConfigurations = (
				8A091CCA29F56BDB001EAE4F /* Debug */,
				8A091CCB29F56BDB001EAE4F /* Release */,
			);
			defaultConfigurationIsVisible = 0;
			defaultConfigurationName = Release;
		};
/* End XCConfigurationList section */
	};
	rootObject = 8A091CAD29F56BDA001EAE4F /* Project object */;
}
